// !$*UTF8*$!
{
	archiveVersion = 1;
	classes = {
	};
	objectVersion = 77;
	objects = {

/* Begin PBXBuildFile section */
		99467CBB2FD9625600E1D692 /* MagentaRT in Frameworks */ = {isa = PBXBuildFile; productRef = 99467CBA2FD9625600E1D692 /* MagentaRT */; };
		99467CBD2FD9625600E1D692 /* MagentaRTPlayer in Frameworks */ = {isa = PBXBuildFile; productRef = 99467CBC2FD9625600E1D692 /* MagentaRTPlayer */; };
		99467CC02FD9626700E1D692 /* MagentaRT in Frameworks */ = {isa = PBXBuildFile; productRef = 99467CBF2FD9626700E1D692 /* MagentaRT */; };
		99467CC22FD9626700E1D692 /* MagentaRTPlayer in Frameworks */ = {isa = PBXBuildFile; productRef = 99467CC12FD9626700E1D692 /* MagentaRTPlayer */; };
		99467D0A2FD9782F00E1D692 /* MagentaRT in Frameworks */ = {isa = PBXBuildFile; productRef = 99467D092FD9782F00E1D692 /* MagentaRT */; };
/* End PBXBuildFile section */

/* Begin PBXContainerItemProxy section */
		99467D012FD977D100E1D692 /* PBXContainerItemProxy */ = {
			isa = PBXContainerItemProxy;
			containerPortal = 99467CA32FD9623900E1D692 /* Project object */;
			proxyType = 1;
			remoteGlobalIDString = 99467CAA2FD9623900E1D692;
			remoteInfo = MagentaRTDemo;
		};
/* End PBXContainerItemProxy section */

/* Begin PBXFileReference section */
		99467CAB2FD9623900E1D692 /* MagentaRTDemo.app */ = {isa = PBXFileReference; explicitFileType = wrapper.application; includeInIndex = 0; path = MagentaRTDemo.app; sourceTree = BUILT_PRODUCTS_DIR; };
		99467CFD2FD977D100E1D692 /* MagentaRTDemoTests.xctest */ = {isa = PBXFileReference; explicitFileType = wrapper.cfbundle; includeInIndex = 0; path = MagentaRTDemoTests.xctest; sourceTree = BUILT_PRODUCTS_DIR; };
/* End PBXFileReference section */

/* Begin PBXFileSystemSynchronizedRootGroup section */
		99467CAD2FD9623900E1D692 /* MagentaRTDemo */ = {
			isa = PBXFileSystemSynchronizedRootGroup;
			path = MagentaRTDemo;
			sourceTree = "<group>";
		};
		99467CFE2FD977D100E1D692 /* MagentaRTDemoTests */ = {
			isa = PBXFileSystemSynchronizedRootGroup;
			path = MagentaRTDemoTests;
			sourceTree = "<group>";
		};
/* End PBXFileSystemSynchronizedRootGroup section */

/* Begin PBXFrameworksBuildPhase section */
		99467CA82FD9623900E1D692 /* Frameworks */ = {
			isa = PBXFrameworksBuildPhase;
			buildActionMask = 2147483647;
			files = (
				99467CBB2FD9625600E1D692 /* MagentaRT in Frameworks */,
				99467CC02FD9626700E1D692 /* MagentaRT in Frameworks */,
				99467CBD2FD9625600E1D692 /* MagentaRTPlayer in Frameworks */,
				99467CC22FD9626700E1D692 /* MagentaRTPlayer in Frameworks */,
			);
			runOnlyForDeploymentPostprocessing = 0;
		};
		99467CFA2FD977D100E1D692 /* Frameworks */ = {
			isa = PBXFrameworksBuildPhase;
			buildActionMask = 2147483647;
			files = (
				99467D0A2FD9782F00E1D692 /* MagentaRT in Frameworks */,
			);
			runOnlyForDeploymentPostprocessing = 0;
		};
/* End PBXFrameworksBuildPhase section */

/* Begin PBXGroup section */
		99467CA22FD9623900E1D692 = {
			isa = PBXGroup;
			children = (
				99467CAD2FD9623900E1D692 /* MagentaRTDemo */,
				99467CFE2FD977D100E1D692 /* MagentaRTDemoTests */,
				99467D082FD9782F00E1D692 /* Frameworks */,
				99467CAC2FD9623900E1D692 /* Products */,
			);
			sourceTree = "<group>";
		};
		99467CAC2FD9623900E1D692 /* Products */ = {
			isa = PBXGroup;
			children = (
				99467CAB2FD9623900E1D692 /* MagentaRTDemo.app */,
				99467CFD2FD977D100E1D692 /* MagentaRTDemoTests.xctest */,
			);
			name = Products;
			sourceTree = "<group>";
		};
		99467D082FD9782F00E1D692 /* Frameworks */ = {
			isa = PBXGroup;
			children = (
			);
			name = Frameworks;
			sourceTree = "<group>";
		};
/* End PBXGroup section */

/* Begin PBXNativeTarget section */
		99467CAA2FD9623900E1D692 /* MagentaRTDemo */ = {
			isa = PBXNativeTarget;
			buildConfigurationList = 99467CB62FD9623A00E1D692 /* Build configuration list for PBXNativeTarget "MagentaRTDemo" */;
			buildPhases = (
				99467CA72FD9623900E1D692 /* Sources */,
				99467CA82FD9623900E1D692 /* Frameworks */,
				99467CA92FD9623900E1D692 /* Resources */,
				99467CD02FD9700000000001 /* Copy mlx.metallib next to executable */,
			);
			buildRules = (
			);
			dependencies = (
			);
			fileSystemSynchronizedGroups = (
				99467CAD2FD9623900E1D692 /* MagentaRTDemo */,
			);
			name = MagentaRTDemo;
			packageProductDependencies = (
				99467CBA2FD9625600E1D692 /* MagentaRT */,
				99467CBC2FD9625600E1D692 /* MagentaRTPlayer */,
				99467CBF2FD9626700E1D692 /* MagentaRT */,
				99467CC12FD9626700E1D692 /* MagentaRTPlayer */,
			);
			productName = MagentaRTDemo;
			productReference = 99467CAB2FD9623900E1D692 /* MagentaRTDemo.app */;
			productType = "com.apple.product-type.application";
		};
		99467CFC2FD977D100E1D692 /* MagentaRTDemoTests */ = {
			isa = PBXNativeTarget;
			buildConfigurationList = 99467D052FD977D100E1D692 /* Build configuration list for PBXNativeTarget "MagentaRTDemoTests" */;
			buildPhases = (
				99467CF92FD977D100E1D692 /* Sources */,
				99467CFA2FD977D100E1D692 /* Frameworks */,
				99467CFB2FD977D100E1D692 /* Resources */,
			);
			buildRules = (
			);
			dependencies = (
				99467D022FD977D100E1D692 /* PBXTargetDependency */,
			);
			fileSystemSynchronizedGroups = (
				99467CFE2FD977D100E1D692 /* MagentaRTDemoTests */,
			);
			name = MagentaRTDemoTests;
			packageProductDependencies = (
				99467D092FD9782F00E1D692 /* MagentaRT */,
			);
			productName = MagentaRTDemoTests;
			productReference = 99467CFD2FD977D100E1D692 /* MagentaRTDemoTests.xctest */;
			productType = "com.apple.product-type.bundle.unit-test";
		};
/* End PBXNativeTarget section */

/* Begin PBXProject section */
		99467CA32FD9623900E1D692 /* Project object */ = {
			isa = PBXProject;
			attributes = {
				BuildIndependentTargetsInParallel = 1;
				LastSwiftUpdateCheck = 2630;
				LastUpgradeCheck = 2630;
				TargetAttributes = {
					99467CAA2FD9623900E1D692 = {
						CreatedOnToolsVersion = 26.3;
					};
					99467CFC2FD977D100E1D692 = {
						CreatedOnToolsVersion = 26.3;
						TestTargetID = 99467CAA2FD9623900E1D692;
					};
				};
			};
			buildConfigurationList = 99467CA62FD9623900E1D692 /* Build configuration list for PBXProject "MagentaRTDemo" */;
			developmentRegion = en;
			hasScannedForEncodings = 0;
			knownRegions = (
				en,
				Base,
			);
			mainGroup = 99467CA22FD9623900E1D692;
			minimizedProjectReferenceProxies = 1;
			packageReferences = (
				99467CBE2FD9626700E1D692 /* XCLocalSwiftPackageReference "../../../MagentaRT" */,
			);
			preferredProjectObjectVersion = 77;
			productRefGroup = 99467CAC2FD9623900E1D692 /* Products */;
			projectDirPath = "";
			projectRoot = "";
			targets = (
				99467CAA2FD9623900E1D692 /* MagentaRTDemo */,
				99467CFC2FD977D100E1D692 /* MagentaRTDemoTests */,
			);
		};
/* End PBXProject section */

/* Begin PBXResourcesBuildPhase section */
		99467CA92FD9623900E1D692 /* Resources */ = {
			isa = PBXResourcesBuildPhase;
			buildActionMask = 2147483647;
			files = (
			);
			runOnlyForDeploymentPostprocessing = 0;
		};
		99467CFB2FD977D100E1D692 /* Resources */ = {
			isa = PBXResourcesBuildPhase;
			buildActionMask = 2147483647;
			files = (
			);
			runOnlyForDeploymentPostprocessing = 0;
		};
/* End PBXResourcesBuildPhase section */

/* Begin PBXShellScriptBuildPhase section */
		99467CD02FD9700000000001 /* Copy mlx.metallib next to executable */ = {
			isa = PBXShellScriptBuildPhase;
			buildActionMask = 2147483647;
			files = (
			);
			inputPaths = (
				"$(SRCROOT)/../../Frameworks/mlx.metallib",
			);
			name = "Copy mlx.metallib next to executable";
			outputPaths = (
				"$(BUILT_PRODUCTS_DIR)/$(EXECUTABLE_FOLDER_PATH)/mlx.metallib",
			);
			runOnlyForDeploymentPostprocessing = 0;
			shellPath = /bin/sh;
			shellScript = "# MLX loads its Metal kernels from a colocated mlx.metallib (must sit next to\n# the executable in Contents/MacOS). Copy it in, then sign it so the bundle's\n# codesign seals it instead of failing on an unsigned nested object.\nset -e\ncp \"${SCRIPT_INPUT_FILE_0}\" \"${SCRIPT_OUTPUT_FILE_0}\"\ncodesign --force --sign \"${EXPANDED_CODE_SIGN_IDENTITY:--}\" \"${SCRIPT_OUTPUT_FILE_0}\"\n";
		};
/* End PBXShellScriptBuildPhase section */

/* Begin PBXSourcesBuildPhase section */
		99467CA72FD9623900E1D692 /* Sources */ = {
			isa = PBXSourcesBuildPhase;
			buildActionMask = 2147483647;
			files = (
			);
			runOnlyForDeploymentPostprocessing = 0;
		};
		99467CF92FD977D100E1D692 /* Sources */ = {
			isa = PBXSourcesBuildPhase;
			buildActionMask = 2147483647;
			files = (
			);
			runOnlyForDeploymentPostprocessing = 0;
		};
/* End PBXSourcesBuildPhase section */

/* Begin PBXTargetDependency section */
		99467D022FD977D100E1D692 /* PBXTargetDependency */ = {
			isa = PBXTargetDependency;
			target = 99467CAA2FD9623900E1D692 /* MagentaRTDemo */;
			targetProxy = 99467D012FD977D100E1D692 /* PBXContainerItemProxy */;
		};
/* End PBXTargetDependency section */

/* Begin XCBuildConfiguration section */
		99467CB42FD9623A00E1D692 /* Debug */ = {
			isa = XCBuildConfiguration;
			buildSettings = {
				ALWAYS_SEARCH_USER_PATHS = NO;
				ASSETCATALOG_COMPILER_GENERATE_SWIFT_ASSET_SYMBOL_EXTENSIONS = YES;
				CLANG_ANALYZER_NONNULL = YES;
				CLANG_ANALYZER_NUMBER_OBJECT_CONVERSION = YES_AGGRESSIVE;
				CLANG_CXX_LANGUAGE_STANDARD = "gnu++20";
				CLANG_ENABLE_MODULES = YES;
				CLANG_ENABLE_OBJC_ARC = YES;
				CLANG_ENABLE_OBJC_WEAK = YES;
				CLANG_WARN_BLOCK_CAPTURE_AUTORELEASING = YES;
				CLANG_WARN_BOOL_CONVERSION = YES;
				CLANG_WARN_COMMA = YES;
				CLANG_WARN_CONSTANT_CONVERSION = YES;
				CLANG_WARN_DEPRECATED_OBJC_IMPLEMENTATIONS = YES;
				CLANG_WARN_DIRECT_OBJC_ISA_USAGE = YES_ERROR;
				CLANG_WARN_DOCUMENTATION_COMMENTS = YES;
				CLANG_WARN_EMPTY_BODY = YES;
				CLANG_WARN_ENUM_CONVERSION = YES;
				CLANG_WARN_INFINITE_RECURSION = YES;
				CLANG_WARN_INT_CONVERSION = YES;
				CLANG_WARN_NON_LITERAL_NULL_CONVERSION = YES;
				CLANG_WARN_OBJC_IMPLICIT_RETAIN_SELF = YES;
				CLANG_WARN_OBJC_LITERAL_CONVERSION = YES;
				CLANG_WARN_OBJC_ROOT_CLASS = YES_ERROR;
				CLANG_WARN_QUOTED_INCLUDE_IN_FRAMEWORK_HEADER = YES;
				CLANG_WARN_RANGE_LOOP_ANALYSIS = YES;
				CLANG_WARN_STRICT_PROTOTYPES = YES;
				CLANG_WARN_SUSPICIOUS_MOVE = YES;
				CLANG_WARN_UNGUARDED_AVAILABILITY = YES_AGGRESSIVE;
				CLANG_WARN_UNREACHABLE_CODE = YES;
				CLANG_WARN__DUPLICATE_METHOD_MATCH = YES;
				COPY_PHASE_STRIP = NO;
				DEBUG_INFORMATION_FORMAT = dwarf;
				DEVELOPMENT_TEAM = GP3ES2Y53G;
				ENABLE_STRICT_OBJC_MSGSEND = YES;
				ENABLE_TESTABILITY = YES;
				ENABLE_USER_SCRIPT_SANDBOXING = NO;
				GCC_C_LANGUAGE_STANDARD = gnu17;
				GCC_DYNAMIC_NO_PIC = NO;
				GCC_NO_COMMON_BLOCKS = YES;
				GCC_OPTIMIZATION_LEVEL = 0;
				GCC_PREPROCESSOR_DEFINITIONS = (
					"DEBUG=1",
					"$(inherited)",
				);
				GCC_WARN_64_TO_32_BIT_CONVERSION = YES;
				GCC_WARN_ABOUT_RETURN_TYPE = YES_ERROR;
				GCC_WARN_UNDECLARED_SELECTOR = YES;
				GCC_WARN_UNINITIALIZED_AUTOS = YES_AGGRESSIVE;
				GCC_WARN_UNUSED_FUNCTION = YES;
				GCC_WARN_UNUSED_VARIABLE = YES;
				LOCALIZATION_PREFERS_STRING_CATALOGS = YES;
				MTL_ENABLE_DEBUG_INFO = INCLUDE_SOURCE;
				MTL_FAST_MATH = YES;
				ONLY_ACTIVE_ARCH = YES;
				SWIFT_ACTIVE_COMPILATION_CONDITIONS = "DEBUG $(inherited)";
				SWIFT_OBJC_INTEROP_MODE = objcxx;
				SWIFT_OPTIMIZATION_LEVEL = "-Onone";
			};
			name = Debug;
		};
		99467CB52FD9623A00E1D692 /* Release */ = {
			isa = XCBuildConfiguration;
			buildSettings = {
				ALWAYS_SEARCH_USER_PATHS = NO;
				ASSETCATALOG_COMPILER_GENERATE_SWIFT_ASSET_SYMBOL_EXTENSIONS = YES;
				CLANG_ANALYZER_NONNULL = YES;
				CLANG_ANALYZER_NUMBER_OBJECT_CONVERSION = YES_AGGRESSIVE;
				CLANG_CXX_LANGUAGE_STANDARD = "gnu++20";
				CLANG_ENABLE_MODULES = YES;
				CLANG_ENABLE_OBJC_ARC = YES;
				CLANG_ENABLE_OBJC_WEAK = YES;
				CLANG_WARN_BLOCK_CAPTURE_AUTORELEASING = YES;
				CLANG_WARN_BOOL_CONVERSION = YES;
				CLANG_WARN_COMMA = YES;
				CLANG_WARN_CONSTANT_CONVERSION = YES;
				CLANG_WARN_DEPRECATED_OBJC_IMPLEMENTATIONS = YES;
				CLANG_WARN_DIRECT_OBJC_ISA_USAGE = YES_ERROR;
				CLANG_WARN_DOCUMENTATION_COMMENTS = YES;
				CLANG_WARN_EMPTY_BODY = YES;
				CLANG_WARN_ENUM_CONVERSION = YES;
				CLANG_WARN_INFINITE_RECURSION = YES;
				CLANG_WARN_INT_CONVERSION = YES;
				CLANG_WARN_NON_LITERAL_NULL_CONVERSION = YES;
				CLANG_WARN_OBJC_IMPLICIT_RETAIN_SELF = YES;
				CLANG_WARN_OBJC_LITERAL_CONVERSION = YES;
				CLANG_WARN_OBJC_ROOT_CLASS = YES_ERROR;
				CLANG_WARN_QUOTED_INCLUDE_IN_FRAMEWORK_HEADER = YES;
				CLANG_WARN_RANGE_LOOP_ANALYSIS = YES;
				CLANG_WARN_STRICT_PROTOTYPES = YES;
				CLANG_WARN_SUSPICIOUS_MOVE = YES;
				CLANG_WARN_UNGUARDED_AVAILABILITY = YES_AGGRESSIVE;
				CLANG_WARN_UNREACHABLE_CODE = YES;
				CLANG_WARN__DUPLICATE_METHOD_MATCH = YES;
				COPY_PHASE_STRIP = NO;
				DEBUG_INFORMATION_FORMAT = "dwarf-with-dsym";
				DEVELOPMENT_TEAM = GP3ES2Y53G;
				ENABLE_NS_ASSERTIONS = NO;
				ENABLE_STRICT_OBJC_MSGSEND = YES;
				ENABLE_USER_SCRIPT_SANDBOXING = NO;
				GCC_C_LANGUAGE_STANDARD = gnu17;
				GCC_NO_COMMON_BLOCKS = YES;
				GCC_WARN_64_TO_32_BIT_CONVERSION = YES;
				GCC_WARN_ABOUT_RETURN_TYPE = YES_ERROR;
				GCC_WARN_UNDECLARED_SELECTOR = YES;
				GCC_WARN_UNINITIALIZED_AUTOS = YES_AGGRESSIVE;
				GCC_WARN_UNUSED_FUNCTION = YES;
				GCC_WARN_UNUSED_VARIABLE = YES;
				LOCALIZATION_PREFERS_STRING_CATALOGS = YES;
				MTL_ENABLE_DEBUG_INFO = NO;
				MTL_FAST_MATH = YES;
				SWIFT_COMPILATION_MODE = wholemodule;
				SWIFT_OBJC_INTEROP_MODE = objcxx;
			};
			name = Release;
		};
		99467CB72FD9623A00E1D692 /* Debug */ = {
			isa = XCBuildConfiguration;
			buildSettings = {
				ASSETCATALOG_COMPILER_APPICON_NAME = AppIcon;
				ASSETCATALOG_COMPILER_GLOBAL_ACCENT_COLOR_NAME = AccentColor;
				CODE_SIGN_STYLE = Automatic;
				CURRENT_PROJECT_VERSION = 1;
				DEVELOPMENT_TEAM = GP3ES2Y53G;
				ENABLE_APP_SANDBOX = NO;
				ENABLE_HARDENED_RUNTIME = YES;
				ENABLE_PREVIEWS = YES;
				ENABLE_USER_SELECTED_FILES = readonly;
				GENERATE_INFOPLIST_FILE = YES;
				"INFOPLIST_KEY_UIApplicationSceneManifest_Generation[sdk=iphoneos*]" = YES;
				"INFOPLIST_KEY_UIApplicationSceneManifest_Generation[sdk=iphonesimulator*]" = YES;
				"INFOPLIST_KEY_UIApplicationSupportsIndirectInputEvents[sdk=iphoneos*]" = YES;
				"INFOPLIST_KEY_UIApplicationSupportsIndirectInputEvents[sdk=iphonesimulator*]" = YES;
				"INFOPLIST_KEY_UILaunchScreen_Generation[sdk=iphoneos*]" = YES;
				"INFOPLIST_KEY_UILaunchScreen_Generation[sdk=iphonesimulator*]" = YES;
				"INFOPLIST_KEY_UIStatusBarStyle[sdk=iphoneos*]" = UIStatusBarStyleDefault;
				"INFOPLIST_KEY_UIStatusBarStyle[sdk=iphonesimulator*]" = UIStatusBarStyleDefault;
				INFOPLIST_KEY_UISupportedInterfaceOrientations_iPad = "UIInterfaceOrientationPortrait UIInterfaceOrientationPortraitUpsideDown UIInterfaceOrientationLandscapeLeft UIInterfaceOrientationLandscapeRight";
				INFOPLIST_KEY_UISupportedInterfaceOrientations_iPhone = "UIInterfaceOrientationPortrait UIInterfaceOrientationLandscapeLeft UIInterfaceOrientationLandscapeRight";
				IPHONEOS_DEPLOYMENT_TARGET = 26.2;
				LD_RUNPATH_SEARCH_PATHS = "@executable_path/Frameworks";
				"LD_RUNPATH_SEARCH_PATHS[sdk=macosx*]" = "@executable_path/../Frameworks";
				MACOSX_DEPLOYMENT_TARGET = 26.2;
				MARKETING_VERSION = 1.0;
				PRODUCT_BUNDLE_IDENTIFIER = com.mnmly.MagentaRTDemo;
				PRODUCT_NAME = "$(TARGET_NAME)";
				REGISTER_APP_GROUPS = YES;
				SDKROOT = auto;
				STRING_CATALOG_GENERATE_SYMBOLS = YES;
				SUPPORTED_PLATFORMS = "iphoneos iphonesimulator macosx xros xrsimulator";
				SWIFT_APPROACHABLE_CONCURRENCY = YES;
				SWIFT_DEFAULT_ACTOR_ISOLATION = MainActor;
				SWIFT_EMIT_LOC_STRINGS = YES;
				SWIFT_OBJC_INTEROP_MODE = objcxx;
				SWIFT_UPCOMING_FEATURE_MEMBER_IMPORT_VISIBILITY = YES;
				SWIFT_VERSION = 5.0;
				TARGETED_DEVICE_FAMILY = "1,2,7";
				XROS_DEPLOYMENT_TARGET = 26.2;
			};
			name = Debug;
		};
		99467CB82FD9623A00E1D692 /* Release */ = {
			isa = XCBuildConfiguration;
			buildSettings = {
				ASSETCATALOG_COMPILER_APPICON_NAME = AppIcon;
				ASSETCATALOG_COMPILER_GLOBAL_ACCENT_COLOR_NAME = AccentColor;
				CODE_SIGN_STYLE = Automatic;
				CURRENT_PROJECT_VERSION = 1;
				DEVELOPMENT_TEAM = GP3ES2Y53G;
				ENABLE_APP_SANDBOX = NO;
				ENABLE_HARDENED_RUNTIME = YES;
				ENABLE_PREVIEWS = YES;
				ENABLE_USER_SELECTED_FILES = readonly;
				GENERATE_INFOPLIST_FILE = YES;
				"INFOPLIST_KEY_UIApplicationSceneManifest_Generation[sdk=iphoneos*]" = YES;
				"INFOPLIST_KEY_UIApplicationSceneManifest_Generation[sdk=iphonesimulator*]" = YES;
				"INFOPLIST_KEY_UIApplicationSupportsIndirectInputEvents[sdk=iphoneos*]" = YES;
				"INFOPLIST_KEY_UIApplicationSupportsIndirectInputEvents[sdk=iphonesimulator*]" = YES;
				"INFOPLIST_KEY_UILaunchScreen_Generation[sdk=iphoneos*]" = YES;
				"INFOPLIST_KEY_UILaunchScreen_Generation[sdk=iphonesimulator*]" = YES;
				"INFOPLIST_KEY_UIStatusBarStyle[sdk=iphoneos*]" = UIStatusBarStyleDefault;
				"INFOPLIST_KEY_UIStatusBarStyle[sdk=iphonesimulator*]" = UIStatusBarStyleDefault;
				INFOPLIST_KEY_UISupportedInterfaceOrientations_iPad = "UIInterfaceOrientationPortrait UIInterfaceOrientationPortraitUpsideDown UIInterfaceOrientationLandscapeLeft UIInterfaceOrientationLandscapeRight";
				INFOPLIST_KEY_UISupportedInterfaceOrientations_iPhone = "UIInterfaceOrientationPortrait UIInterfaceOrientationLandscapeLeft UIInterfaceOrientationLandscapeRight";
				IPHONEOS_DEPLOYMENT_TARGET = 26.2;
				LD_RUNPATH_SEARCH_PATHS = "@executable_path/Frameworks";
				"LD_RUNPATH_SEARCH_PATHS[sdk=macosx*]" = "@executable_path/../Frameworks";
				MACOSX_DEPLOYMENT_TARGET = 26.2;
				MARKETING_VERSION = 1.0;
				PRODUCT_BUNDLE_IDENTIFIER = com.mnmly.MagentaRTDemo;
				PRODUCT_NAME = "$(TARGET_NAME)";
				REGISTER_APP_GROUPS = YES;
				SDKROOT = auto;
				STRING_CATALOG_GENERATE_SYMBOLS = YES;
				SUPPORTED_PLATFORMS = "iphoneos iphonesimulator macosx xros xrsimulator";
				SWIFT_APPROACHABLE_CONCURRENCY = YES;
				SWIFT_DEFAULT_ACTOR_ISOLATION = MainActor;
				SWIFT_EMIT_LOC_STRINGS = YES;
				SWIFT_OBJC_INTEROP_MODE = objcxx;
				SWIFT_UPCOMING_FEATURE_MEMBER_IMPORT_VISIBILITY = YES;
				SWIFT_VERSION = 5.0;
				TARGETED_DEVICE_FAMILY = "1,2,7";
				XROS_DEPLOYMENT_TARGET = 26.2;
			};
			name = Release;
		};
		99467D032FD977D100E1D692 /* Debug */ = {
			isa = XCBuildConfiguration;
			buildSettings = {
				BUNDLE_LOADER = "$(TEST_HOST)";
				CODE_SIGN_STYLE = Automatic;
				CURRENT_PROJECT_VERSION = 1;
				DEVELOPMENT_TEAM = GP3ES2Y53G;
				ENABLE_USER_SCRIPT_SANDBOXING = YES;
				GENERATE_INFOPLIST_FILE = YES;
				MACOSX_DEPLOYMENT_TARGET = 26.2;
				MARKETING_VERSION = 1.0;
				PRODUCT_BUNDLE_IDENTIFIER = com.mnmly.MagentaRTDemoTests;
				PRODUCT_NAME = "$(TARGET_NAME)";
				SDKROOT = macosx;
				STRING_CATALOG_GENERATE_SYMBOLS = NO;
				SWIFT_APPROACHABLE_CONCURRENCY = YES;
				SWIFT_EMIT_LOC_STRINGS = NO;
				SWIFT_UPCOMING_FEATURE_MEMBER_IMPORT_VISIBILITY = YES;
				SWIFT_VERSION = 5.0;
				TEST_HOST = "$(BUILT_PRODUCTS_DIR)/MagentaRTDemo.app/$(BUNDLE_EXECUTABLE_FOLDER_PATH)/MagentaRTDemo";
			};
			name = Debug;
		};
		99467D042FD977D100E1D692 /* Release */ = {
			isa = XCBuildConfiguration;
			buildSettings = {
				BUNDLE_LOADER = "$(TEST_HOST)";
				CODE_SIGN_STYLE = Automatic;
				CURRENT_PROJECT_VERSION = 1;
				DEVELOPMENT_TEAM = GP3ES2Y53G;
				ENABLE_USER_SCRIPT_SANDBOXING = YES;
				GENERATE_INFOPLIST_FILE = YES;
				MACOSX_DEPLOYMENT_TARGET = 26.2;
				MARKETING_VERSION = 1.0;
				PRODUCT_BUNDLE_IDENTIFIER = com.mnmly.MagentaRTDemoTests;
				PRODUCT_NAME = "$(TARGET_NAME)";
				SDKROOT = macosx;
				STRING_CATALOG_GENERATE_SYMBOLS = NO;
				SWIFT_APPROACHABLE_CONCURRENCY = YES;
				SWIFT_EMIT_LOC_STRINGS = NO;
				SWIFT_UPCOMING_FEATURE_MEMBER_IMPORT_VISIBILITY = YES;
				SWIFT_VERSION = 5.0;
				TEST_HOST = "$(BUILT_PRODUCTS_DIR)/MagentaRTDemo.app/$(BUNDLE_EXECUTABLE_FOLDER_PATH)/MagentaRTDemo";
			};
			name = Release;
		};
/* End XCBuildConfiguration section */

/* Begin XCConfigurationList section */
		99467CA62FD9623900E1D692 /* Build configuration list for PBXProject "MagentaRTDemo" */ = {
			isa = XCConfigurationList;
			buildConfigurations = (
				99467CB42FD9623A00E1D692 /* Debug */,
				99467CB52FD9623A00E1D692 /* Release */,
			);
			defaultConfigurationIsVisible = 0;
			defaultConfigurationName = Release;
		};
		99467CB62FD9623A00E1D692 /* Build configuration list for PBXNativeTarget "MagentaRTDemo" */ = {
			isa = XCConfigurationList;
			buildConfigurations = (
				99467CB72FD9623A00E1D692 /* Debug */,
				99467CB82FD9623A00E1D692 /* Release */,
			);
			defaultConfigurationIsVisible = 0;
			defaultConfigurationName = Release;
		};
		99467D052FD977D100E1D692 /* Build configuration list for PBXNativeTarget "MagentaRTDemoTests" */ = {
			isa = XCConfigurationList;
			buildConfigurations = (
				99467D032FD977D100E1D692 /* Debug */,
				99467D042FD977D100E1D692 /* Release */,
			);
			defaultConfigurationIsVisible = 0;
			defaultConfigurationName = Release;
		};
/* End XCConfigurationList section */

/* Begin XCLocalSwiftPackageReference section */
		99467CBE2FD9626700E1D692 /* XCLocalSwiftPackageReference "../../../MagentaRT" */ = {
			isa = XCLocalSwiftPackageReference;
			relativePath = ../../../MagentaRT;
		};
/* End XCLocalSwiftPackageReference section */

/* Begin XCSwiftPackageProductDependency section */
		99467CBA2FD9625600E1D692 /* MagentaRT */ = {
			isa = XCSwiftPackageProductDependency;
			productName = MagentaRT;
		};
		99467CBC2FD9625600E1D692 /* MagentaRTPlayer */ = {
			isa = XCSwiftPackageProductDependency;
			productName = MagentaRTPlayer;
		};
		99467CBF2FD9626700E1D692 /* MagentaRT */ = {
			isa = XCSwiftPackageProductDependency;
			productName = MagentaRT;
		};
		99467CC12FD9626700E1D692 /* MagentaRTPlayer */ = {
			isa = XCSwiftPackageProductDependency;
			productName = MagentaRTPlayer;
		};
		99467D092FD9782F00E1D692 /* MagentaRT */ = {
			isa = XCSwiftPackageProductDependency;
			package = 99467CBE2FD9626700E1D692 /* XCLocalSwiftPackageReference "../../../MagentaRT" */;
			productName = MagentaRT;
		};
/* End XCSwiftPackageProductDependency section */
	};
	rootObject = 99467CA32FD9623900E1D692 /* Project object */;
}
